
Microsoft Visual Studio Solution File, Format Version 12.00
# Visual Studio Version 17
VisualStudioVersion = 17.7.34202.233
MinimumVisualStudioVersion = 10.0.40219.1
Project("{FAE04EC0-301F-11D3-BF4B-00C04F79EFBC}") = "WpfApp", "WpfApp.csproj", "{BCEEE8C1-87D8-4FE9-8494-78ABBD4037B0}"
EndProject
Global
	GlobalSection(SolutionConfigurationPlatforms) = preSolution
		Debug|Any CPU = Debug|Any CPU
		Release|Any CPU = Release|Any CPU
	EndGlobalSection
	GlobalSection(ProjectConfigurationPlatforms) = postSolution
		{BCEEE8C1-87D8-4FE9-8494-78ABBD4037B0}.Debug|Any CPU.ActiveCfg = Debug|Any CPU
		{BCEEE8C1-87D8-4FE9-8494-78ABBD4037B0}.Debug|Any CPU.Build.0 = Debug|Any CPU
		{BCEEE8C1-87D8-4FE9-8494-78ABBD4037B0}.Release|Any CPU.ActiveCfg = Release|Any CPU
		{BCEEE8C1-87D8-4FE9-8494-78ABBD4037B0}.Release|Any CPU.Build.0 = Release|Any CPU
	EndGlobalSection
	GlobalSection(SolutionProperties) = preSolution
		HideSolutionNode = FALSE
	EndGlobalSection
	GlobalSection(ExtensibilityGlobals) = postSolution
		SolutionGuid = {E2B91148-D73B-404F-959A-9FBFF26D8B1B}
	EndGlobalSection
EndGlobal
